
Microsoft Visual Studio Solution File, Format Version 12.00
# Visual Studio Version 17
VisualStudioVersion = 17.14.36414.22 d17.14
MinimumVisualStudioVersion = 10.0.40219.1
Project("{FAE04EC0-301F-11D3-BF4B-00C04F79EFBC}") = "Exercicio1Turma2", "Exercicio1Turma2\Exercicio1Turma2.csproj", "{126CD656-B54C-4C13-9851-1019F73FAF58}"
EndProject
Global
	GlobalSection(SolutionConfigurationPlatforms) = preSolution
		Debug|Any CPU = Debug|Any CPU
		Release|Any CPU = Release|Any CPU
	EndGlobalSection
	GlobalSection(ProjectConfigurationPlatforms) = postSolution
		{126CD656-B54C-4C13-9851-1019F73FAF58}.Debug|Any CPU.ActiveCfg = Debug|Any CPU
		{126CD656-B54C-4C13-9851-1019F73FAF58}.Debug|Any CPU.Build.0 = Debug|Any CPU
		{126CD656-B54C-4C13-9851-1019F73FAF58}.Release|Any CPU.ActiveCfg = Release|Any CPU
		{126CD656-B54C-4C13-9851-1019F73FAF58}.Release|Any CPU.Build.0 = Release|Any CPU
	EndGlobalSection
	GlobalSection(SolutionProperties) = preSolution
		HideSolutionNode = FALSE
	EndGlobalSection
	GlobalSection(ExtensibilityGlobals) = postSolution
		SolutionGuid = {74B45E29-FA4A-437A-88F6-D5273F994A78}
	EndGlobalSection
EndGlobal
